// !$*UTF8*$!
{
	archiveVersion = 1;
	classes = {
	};
	objectVersion = 77;
	objects = {

/* Begin PBXBuildFile section */
		EB9CC1F32E62ED0900C6191B /* Transformers in Frameworks */ = {isa = PBXBuildFile; productRef = EB9CC1F22E62ED0900C6191B /* Transformers */; };
		EBCAEA812E6388C800D065F7 /* RedactKitApp.swift in Sources */ = {isa = PBXBuildFile; fileRef = EBCAEA7F2E63888C00D065F7 /* RedactKitApp.swift */; };
		EBCAEA822E6388C800D065F7 /* ContentView.swift in Sources */ = {isa = PBXBuildFile; fileRef = EBCAEA762E63888C00D065F7 /* ContentView.swift */; };
		EBCAEA842E6388C800D065F7 /* HistoryView.swift in Sources */ = {isa = PBXBuildFile; fileRef = EBCAEA782E63888C00D065F7 /* HistoryView.swift */; };
		EBCAEA852E6388C800D065F7 /* InjectedTextView.swift in Sources */ = {isa = PBXBuildFile; fileRef = EBCAEA792E63888C00D065F7 /* InjectedTextView.swift */; };
		EBCAEA862E6388C800D065F7 /* OriginalTextView.swift in Sources */ = {isa = PBXBuildFile; fileRef = EBCAEA7A2E63888C00D065F7 /* OriginalTextView.swift */; };
		EBCAEA872E6388C800D065F7 /* PrismaticMeshBackground.swift in Sources */ = {isa = PBXBuildFile; fileRef = EBCAEA7B2E63888C00D065F7 /* PrismaticMeshBackground.swift */; };
		EBCAEA882E6388C800D065F7 /* GlossyButton.swift in Sources */ = {isa = PBXBuildFile; fileRef = EBCAEA7C2E63888C00D065F7 /* GlossyButton.swift */; };
		EBCAEA892E6388C800D065F7 /* Content.swift in Sources */ = {isa = PBXBuildFile; fileRef = EBCAEA7E2E63888C00D065F7 /* Content.swift */; };
		EBCAEA8A2E6388C800D065F7 /* PIIDetector.swift in Sources */ = {isa = PBXBuildFile; fileRef = EBCAEA6F2E63888C00D065F7 /* PIIDetector.swift */; };
		EBCAEA8B2E6388C800D065F7 /* TextProcessor.swift in Sources */ = {isa = PBXBuildFile; fileRef = EBCAEA712E63888C00D065F7 /* TextProcessor.swift */; };
		EBCAEA8C2E6388C800D065F7 /* ViewModel.swift in Sources */ = {isa = PBXBuildFile; fileRef = EBCAEA722E63888C00D065F7 /* ViewModel.swift */; };
		EBCAEA8F2E63891900D065F7 /* Assets.xcassets in Sources */ = {isa = PBXBuildFile; fileRef = EBCAEA8E2E63891900D065F7 /* Assets.xcassets */; };
		EBCAEA912E63899000D065F7 /* PIIDetectionModel.mlpackage in Sources */ = {isa = PBXBuildFile; fileRef = EBCAEA902E63898F00D065F7 /* PIIDetectionModel.mlpackage */; };
/* End PBXBuildFile section */

/* Begin PBXFileReference section */
		EBB5E83D2E61EF4C002B54BD /* RedactKit.app */ = {isa = PBXFileReference; explicitFileType = wrapper.application; includeInIndex = 0; path = RedactKit.app; sourceTree = BUILT_PRODUCTS_DIR; };
		EBCAEA6F2E63888C00D065F7 /* PIIDetector.swift */ = {isa = PBXFileReference; lastKnownFileType = sourcecode.swift; path = PIIDetector.swift; sourceTree = "<group>"; };
		EBCAEA712E63888C00D065F7 /* TextProcessor.swift */ = {isa = PBXFileReference; lastKnownFileType = sourcecode.swift; path = TextProcessor.swift; sourceTree = "<group>"; };
		EBCAEA722E63888C00D065F7 /* ViewModel.swift */ = {isa = PBXFileReference; lastKnownFileType = sourcecode.swift; path = ViewModel.swift; sourceTree = "<group>"; };
		EBCAEA762E63888C00D065F7 /* ContentView.swift */ = {isa = PBXFileReference; lastKnownFileType = sourcecode.swift; path = ContentView.swift; sourceTree = "<group>"; };
		EBCAEA782E63888C00D065F7 /* HistoryView.swift */ = {isa = PBXFileReference; lastKnownFileType = sourcecode.swift; path = HistoryView.swift; sourceTree = "<group>"; };
		EBCAEA792E63888C00D065F7 /* InjectedTextView.swift */ = {isa = PBXFileReference; lastKnownFileType = sourcecode.swift; path = InjectedTextView.swift; sourceTree = "<group>"; };
		EBCAEA7A2E63888C00D065F7 /* OriginalTextView.swift */ = {isa = PBXFileReference; lastKnownFileType = sourcecode.swift; path = OriginalTextView.swift; sourceTree = "<group>"; };
		EBCAEA7B2E63888C00D065F7 /* PrismaticMeshBackground.swift */ = {isa = PBXFileReference; lastKnownFileType = sourcecode.swift; path = PrismaticMeshBackground.swift; sourceTree = "<group>"; };
		EBCAEA7C2E63888C00D065F7 /* GlossyButton.swift */ = {isa = PBXFileReference; lastKnownFileType = sourcecode.swift; path = GlossyButton.swift; sourceTree = "<group>"; };
		EBCAEA7E2E63888C00D065F7 /* Content.swift */ = {isa = PBXFileReference; lastKnownFileType = sourcecode.swift; path = Content.swift; sourceTree = "<group>"; };
		EBCAEA7F2E63888C00D065F7 /* RedactKitApp.swift */ = {isa = PBXFileReference; lastKnownFileType = sourcecode.swift; path = RedactKitApp.swift; sourceTree = "<group>"; };
		EBCAEA8E2E63891900D065F7 /* Assets.xcassets */ = {isa = PBXFileReference; lastKnownFileType = folder.assetcatalog; path = Assets.xcassets; sourceTree = "<group>"; };
		EBCAEA902E63898F00D065F7 /* PIIDetectionModel.mlpackage */ = {isa = PBXFileReference; lastKnownFileType = folder.mlpackage; path = PIIDetectionModel.mlpackage; sourceTree = "<group>"; };
/* End PBXFileReference section */

/* Begin PBXFrameworksBuildPhase section */
		EBB5E83A2E61EF4C002B54BD /* Frameworks */ = {
			isa = PBXFrameworksBuildPhase;
			buildActionMask = 2147483647;
			files = (
				EB9CC1F32E62ED0900C6191B /* Transformers in Frameworks */,
			);
			runOnlyForDeploymentPostprocessing = 0;
		};
/* End PBXFrameworksBuildPhase section */

/* Begin PBXGroup section */
		EBB5E8342E61EF4C002B54BD = {
			isa = PBXGroup;
			children = (
				EBCAEA802E63888C00D065F7 /* RedactKit */,
				EBB5E83E2E61EF4C002B54BD /* Products */,
			);
			sourceTree = "<group>";
		};
		EBB5E83E2E61EF4C002B54BD /* Products */ = {
			isa = PBXGroup;
			children = (
				EBB5E83D2E61EF4C002B54BD /* RedactKit.app */,
			);
			name = Products;
			sourceTree = "<group>";
		};
		EBCAEA732E63888C00D065F7 /* Models */ = {
			isa = PBXGroup;
			children = (
				EBCAEA7E2E63888C00D065F7 /* Content.swift */,
				EBCAEA6F2E63888C00D065F7 /* PIIDetector.swift */,
				EBCAEA712E63888C00D065F7 /* TextProcessor.swift */,
				EBCAEA722E63888C00D065F7 /* ViewModel.swift */,
			);
			path = Models;
			sourceTree = "<group>";
		};
		EBCAEA7D2E63888C00D065F7 /* Views */ = {
			isa = PBXGroup;
			children = (
				EBCAEA762E63888C00D065F7 /* ContentView.swift */,
				EBCAEA782E63888C00D065F7 /* HistoryView.swift */,
				EBCAEA792E63888C00D065F7 /* InjectedTextView.swift */,
				EBCAEA7A2E63888C00D065F7 /* OriginalTextView.swift */,
				EBCAEA7B2E63888C00D065F7 /* PrismaticMeshBackground.swift */,
				EBCAEA7C2E63888C00D065F7 /* GlossyButton.swift */,
			);
			path = Views;
			sourceTree = "<group>";
		};
		EBCAEA802E63888C00D065F7 /* RedactKit */ = {
			isa = PBXGroup;
			children = (
				EBCAEA7F2E63888C00D065F7 /* RedactKitApp.swift */,
				EBCAEA7D2E63888C00D065F7 /* Views */,
				EBCAEA732E63888C00D065F7 /* Models */,
				EBCAEA902E63898F00D065F7 /* PIIDetectionModel.mlpackage */,
				EBCAEA8E2E63891900D065F7 /* Assets.xcassets */,
				EBCAEA8D2E6388E600D065F7 /* Preview Content */,
			);
			path = RedactKit;
			sourceTree = "<group>";
		};
		EBCAEA8D2E6388E600D065F7 /* Preview Content */ = {
			isa = PBXGroup;
			children = (
			);
			path = "Preview Content";
			sourceTree = "<group>";
		};
/* End PBXGroup section */

/* Begin PBXNativeTarget section */
		EBB5E83C2E61EF4C002B54BD /* RedactKit */ = {
			isa = PBXNativeTarget;
			buildConfigurationList = EBB5E84B2E61EF4F002B54BD /* Build configuration list for PBXNativeTarget "RedactKit" */;
			buildPhases = (
				EBB5E8392E61EF4C002B54BD /* Sources */,
				EBB5E83A2E61EF4C002B54BD /* Frameworks */,
				EBB5E83B2E61EF4C002B54BD /* Resources */,
			);
			buildRules = (
			);
			dependencies = (
			);
			name = RedactKit;
			packageProductDependencies = (
				EB9CC1F22E62ED0900C6191B /* Transformers */,
			);
			productName = RedactKit;
			productReference = EBB5E83D2E61EF4C002B54BD /* RedactKit.app */;
			productType = "com.apple.product-type.application";
		};
/* End PBXNativeTarget section */

/* Begin PBXProject section */
		EBB5E8352E61EF4C002B54BD /* Project object */ = {
			isa = PBXProject;
			attributes = {
				BuildIndependentTargetsInParallel = 1;
				LastSwiftUpdateCheck = 1620;
				LastUpgradeCheck = 1620;
				TargetAttributes = {
					EBB5E83C2E61EF4C002B54BD = {
						CreatedOnToolsVersion = 16.2;
					};
				};
			};
			buildConfigurationList = EBB5E8382E61EF4C002B54BD /* Build configuration list for PBXProject "RedactKit" */;
			developmentRegion = en;
			hasScannedForEncodings = 0;
			knownRegions = (
				en,
				Base,
			);
			mainGroup = EBB5E8342E61EF4C002B54BD;
			minimizedProjectReferenceProxies = 1;
			packageReferences = (
				EB9CC1F12E62ED0900C6191B /* XCRemoteSwiftPackageReference "swift-transformers" */,
			);
			preferredProjectObjectVersion = 77;
			productRefGroup = EBB5E83E2E61EF4C002B54BD /* Products */;
			projectDirPath = "";
			projectRoot = "";
			targets = (
				EBB5E83C2E61EF4C002B54BD /* RedactKit */,
			);
		};
/* End PBXProject section */

/* Begin PBXResourcesBuildPhase section */
		EBB5E83B2E61EF4C002B54BD /* Resources */ = {
			isa = PBXResourcesBuildPhase;
			buildActionMask = 2147483647;
			files = (
			);
			runOnlyForDeploymentPostprocessing = 0;
		};
/* End PBXResourcesBuildPhase section */

/* Begin PBXSourcesBuildPhase section */
		EBB5E8392E61EF4C002B54BD /* Sources */ = {
			isa = PBXSourcesBuildPhase;
			buildActionMask = 2147483647;
			files = (
				EBCAEA912E63899000D065F7 /* PIIDetectionModel.mlpackage in Sources */,
				EBCAEA8F2E63891900D065F7 /* Assets.xcassets in Sources */,
				EBCAEA812E6388C800D065F7 /* RedactKitApp.swift in Sources */,
				EBCAEA822E6388C800D065F7 /* ContentView.swift in Sources */,
				EBCAEA842E6388C800D065F7 /* HistoryView.swift in Sources */,
				EBCAEA852E6388C800D065F7 /* InjectedTextView.swift in Sources */,
				EBCAEA862E6388C800D065F7 /* OriginalTextView.swift in Sources */,
				EBCAEA872E6388C800D065F7 /* PrismaticMeshBackground.swift in Sources */,
				EBCAEA882E6388C800D065F7 /* GlossyButton.swift in Sources */,
				EBCAEA892E6388C800D065F7 /* Content.swift in Sources */,
				EBCAEA8A2E6388C800D065F7 /* PIIDetector.swift in Sources */,
				EBCAEA8B2E6388C800D065F7 /* TextProcessor.swift in Sources */,
				EBCAEA8C2E6388C800D065F7 /* ViewModel.swift in Sources */,
			);
			runOnlyForDeploymentPostprocessing = 0;
		};
/* End PBXSourcesBuildPhase section */

/* Begin XCBuildConfiguration section */
		EBB5E8492E61EF4F002B54BD /* Debug */ = {
			isa = XCBuildConfiguration;
			buildSettings = {
				ALWAYS_SEARCH_USER_PATHS = NO;
				ASSETCATALOG_COMPILER_GENERATE_SWIFT_ASSET_SYMBOL_EXTENSIONS = YES;
				CLANG_ANALYZER_NONNULL = YES;
				CLANG_ANALYZER_NUMBER_OBJECT_CONVERSION = YES_AGGRESSIVE;
				CLANG_CXX_LANGUAGE_STANDARD = "gnu++20";
				CLANG_ENABLE_MODULES = YES;
				CLANG_ENABLE_OBJC_ARC = YES;
				CLANG_ENABLE_OBJC_WEAK = YES;
				CLANG_WARN_BLOCK_CAPTURE_AUTORELEASING = YES;
				CLANG_WARN_BOOL_CONVERSION = YES;
				CLANG_WARN_COMMA = YES;
				CLANG_WARN_CONSTANT_CONVERSION = YES;
				CLANG_WARN_DEPRECATED_OBJC_IMPLEMENTATIONS = YES;
				CLANG_WARN_DIRECT_OBJC_ISA_USAGE = YES_ERROR;
				CLANG_WARN_DOCUMENTATION_COMMENTS = YES;
				CLANG_WARN_EMPTY_BODY = YES;
				CLANG_WARN_ENUM_CONVERSION = YES;
				CLANG_WARN_INFINITE_RECURSION = YES;
				CLANG_WARN_INT_CONVERSION = YES;
				CLANG_WARN_NON_LITERAL_NULL_CONVERSION = YES;
				CLANG_WARN_OBJC_IMPLICIT_RETAIN_SELF = YES;
				CLANG_WARN_OBJC_LITERAL_CONVERSION = YES;
				CLANG_WARN_OBJC_ROOT_CLASS = YES_ERROR;
				CLANG_WARN_QUOTED_INCLUDE_IN_FRAMEWORK_HEADER = YES;
				CLANG_WARN_RANGE_LOOP_ANALYSIS = YES;
				CLANG_WARN_STRICT_PROTOTYPES = YES;
				CLANG_WARN_SUSPICIOUS_MOVE = YES;
				CLANG_WARN_UNGUARDED_AVAILABILITY = YES_AGGRESSIVE;
				CLANG_WARN_UNREACHABLE_CODE = YES;
				CLANG_WARN__DUPLICATE_METHOD_MATCH = YES;
				COPY_PHASE_STRIP = NO;
				DEBUG_INFORMATION_FORMAT = dwarf;
				ENABLE_STRICT_OBJC_MSGSEND = YES;
				ENABLE_TESTABILITY = YES;
				ENABLE_USER_SCRIPT_SANDBOXING = YES;
				GCC_C_LANGUAGE_STANDARD = gnu17;
				GCC_DYNAMIC_NO_PIC = NO;
				GCC_NO_COMMON_BLOCKS = YES;
				GCC_OPTIMIZATION_LEVEL = 0;
				GCC_PREPROCESSOR_DEFINITIONS = (
					"DEBUG=1",
					"$(inherited)",
				);
				GCC_WARN_64_TO_32_BIT_CONVERSION = YES;
				GCC_WARN_ABOUT_RETURN_TYPE = YES_ERROR;
				GCC_WARN_UNDECLARED_SELECTOR = YES;
				GCC_WARN_UNINITIALIZED_AUTOS = YES_AGGRESSIVE;
				GCC_WARN_UNUSED_FUNCTION = YES;
				GCC_WARN_UNUSED_VARIABLE = YES;
				IPHONEOS_DEPLOYMENT_TARGET = 18.2;
				LOCALIZATION_PREFERS_STRING_CATALOGS = YES;
				MTL_ENABLE_DEBUG_INFO = INCLUDE_SOURCE;
				MTL_FAST_MATH = YES;
				ONLY_ACTIVE_ARCH = YES;
				SDKROOT = iphoneos;
				SWIFT_ACTIVE_COMPILATION_CONDITIONS = "DEBUG $(inherited)";
				SWIFT_OPTIMIZATION_LEVEL = "-Onone";
			};
			name = Debug;
		};
		EBB5E84A2E61EF4F002B54BD /* Release */ = {
			isa = XCBuildConfiguration;
			buildSettings = {
				ALWAYS_SEARCH_USER_PATHS = NO;
				ASSETCATALOG_COMPILER_GENERATE_SWIFT_ASSET_SYMBOL_EXTENSIONS = YES;
				CLANG_ANALYZER_NONNULL = YES;
				CLANG_ANALYZER_NUMBER_OBJECT_CONVERSION = YES_AGGRESSIVE;
				CLANG_CXX_LANGUAGE_STANDARD = "gnu++20";
				CLANG_ENABLE_MODULES = YES;
				CLANG_ENABLE_OBJC_ARC = YES;
				CLANG_ENABLE_OBJC_WEAK = YES;
				CLANG_WARN_BLOCK_CAPTURE_AUTORELEASING = YES;
				CLANG_WARN_BOOL_CONVERSION = YES;
				CLANG_WARN_COMMA = YES;
				CLANG_WARN_CONSTANT_CONVERSION = YES;
				CLANG_WARN_DEPRECATED_OBJC_IMPLEMENTATIONS = YES;
				CLANG_WARN_DIRECT_OBJC_ISA_USAGE = YES_ERROR;
				CLANG_WARN_DOCUMENTATION_COMMENTS = YES;
				CLANG_WARN_EMPTY_BODY = YES;
				CLANG_WARN_ENUM_CONVERSION = YES;
				CLANG_WARN_INFINITE_RECURSION = YES;
				CLANG_WARN_INT_CONVERSION = YES;
				CLANG_WARN_NON_LITERAL_NULL_CONVERSION = YES;
				CLANG_WARN_OBJC_IMPLICIT_RETAIN_SELF = YES;
				CLANG_WARN_OBJC_LITERAL_CONVERSION = YES;
				CLANG_WARN_OBJC_ROOT_CLASS = YES_ERROR;
				CLANG_WARN_QUOTED_INCLUDE_IN_FRAMEWORK_HEADER = YES;
				CLANG_WARN_RANGE_LOOP_ANALYSIS = YES;
				CLANG_WARN_STRICT_PROTOTYPES = YES;
				CLANG_WARN_SUSPICIOUS_MOVE = YES;
				CLANG_WARN_UNGUARDED_AVAILABILITY = YES_AGGRESSIVE;
				CLANG_WARN_UNREACHABLE_CODE = YES;
				CLANG_WARN__DUPLICATE_METHOD_MATCH = YES;
				COPY_PHASE_STRIP = NO;
				DEBUG_INFORMATION_FORMAT = "dwarf-with-dsym";
				ENABLE_NS_ASSERTIONS = NO;
				ENABLE_STRICT_OBJC_MSGSEND = YES;
				ENABLE_USER_SCRIPT_SANDBOXING = YES;
				GCC_C_LANGUAGE_STANDARD = gnu17;
				GCC_NO_COMMON_BLOCKS = YES;
				GCC_WARN_64_TO_32_BIT_CONVERSION = YES;
				GCC_WARN_ABOUT_RETURN_TYPE = YES_ERROR;
				GCC_WARN_UNDECLARED_SELECTOR = YES;
				GCC_WARN_UNINITIALIZED_AUTOS = YES_AGGRESSIVE;
				GCC_WARN_UNUSED_FUNCTION = YES;
				GCC_WARN_UNUSED_VARIABLE = YES;
				IPHONEOS_DEPLOYMENT_TARGET = 18.2;
				LOCALIZATION_PREFERS_STRING_CATALOGS = YES;
				MTL_ENABLE_DEBUG_INFO = NO;
				MTL_FAST_MATH = YES;
				SDKROOT = iphoneos;
				SWIFT_COMPILATION_MODE = wholemodule;
				VALIDATE_PRODUCT = YES;
			};
			name = Release;
		};
		EBB5E84C2E61EF4F002B54BD /* Debug */ = {
			isa = XCBuildConfiguration;
			buildSettings = {
				ASSETCATALOG_COMPILER_APPICON_NAME = AppIcon;
				ASSETCATALOG_COMPILER_GLOBAL_ACCENT_COLOR_NAME = AccentColor;
				CODE_SIGN_STYLE = Automatic;
				CURRENT_PROJECT_VERSION = 1;
				DEVELOPMENT_ASSET_PATHS = "\"RedactKit/Preview Content\"";
				DEVELOPMENT_TEAM = TXA55YRPTR;
				ENABLE_PREVIEWS = YES;
				GENERATE_INFOPLIST_FILE = YES;
				INFOPLIST_KEY_UIApplicationSceneManifest_Generation = YES;
				INFOPLIST_KEY_UIApplicationSupportsIndirectInputEvents = YES;
				INFOPLIST_KEY_UILaunchScreen_Generation = YES;
				INFOPLIST_KEY_UISupportedInterfaceOrientations_iPad = "UIInterfaceOrientationPortrait UIInterfaceOrientationPortraitUpsideDown UIInterfaceOrientationLandscapeLeft UIInterfaceOrientationLandscapeRight";
				INFOPLIST_KEY_UISupportedInterfaceOrientations_iPhone = "UIInterfaceOrientationPortrait UIInterfaceOrientationLandscapeLeft UIInterfaceOrientationLandscapeRight";
				LD_RUNPATH_SEARCH_PATHS = (
					"$(inherited)",
					"@executable_path/Frameworks",
				);
				MARKETING_VERSION = 1.0;
				PRODUCT_BUNDLE_IDENTIFIER = com.artties.RedactKit;
				PRODUCT_NAME = "$(TARGET_NAME)";
				SWIFT_EMIT_LOC_STRINGS = YES;
				SWIFT_VERSION = 5.0;
				TARGETED_DEVICE_FAMILY = "1,2";
			};
			name = Debug;
		};
		EBB5E84D2E61EF4F002B54BD /* Release */ = {
			isa = XCBuildConfiguration;
			buildSettings = {
				ASSETCATALOG_COMPILER_APPICON_NAME = AppIcon;
				ASSETCATALOG_COMPILER_GLOBAL_ACCENT_COLOR_NAME = AccentColor;
				CODE_SIGN_STYLE = Automatic;
				CURRENT_PROJECT_VERSION = 1;
				DEVELOPMENT_ASSET_PATHS = "\"RedactKit/Preview Content\"";
				DEVELOPMENT_TEAM = TXA55YRPTR;
				ENABLE_PREVIEWS = YES;
				GENERATE_INFOPLIST_FILE = YES;
				INFOPLIST_KEY_UIApplicationSceneManifest_Generation = YES;
				INFOPLIST_KEY_UIApplicationSupportsIndirectInputEvents = YES;
				INFOPLIST_KEY_UILaunchScreen_Generation = YES;
				INFOPLIST_KEY_UISupportedInterfaceOrientations_iPad = "UIInterfaceOrientationPortrait UIInterfaceOrientationPortraitUpsideDown UIInterfaceOrientationLandscapeLeft UIInterfaceOrientationLandscapeRight";
				INFOPLIST_KEY_UISupportedInterfaceOrientations_iPhone = "UIInterfaceOrientationPortrait UIInterfaceOrientationLandscapeLeft UIInterfaceOrientationLandscapeRight";
				LD_RUNPATH_SEARCH_PATHS = (
					"$(inherited)",
					"@executable_path/Frameworks",
				);
				MARKETING_VERSION = 1.0;
				PRODUCT_BUNDLE_IDENTIFIER = com.artties.RedactKit;
				PRODUCT_NAME = "$(TARGET_NAME)";
				SWIFT_EMIT_LOC_STRINGS = YES;
				SWIFT_VERSION = 5.0;
				TARGETED_DEVICE_FAMILY = "1,2";
			};
			name = Release;
		};
/* End XCBuildConfiguration section */

/* Begin XCConfigurationList section */
		EBB5E8382E61EF4C002B54BD /* Build configuration list for PBXProject "RedactKit" */ = {
			isa = XCConfigurationList;
			buildConfigurations = (
				EBB5E8492E61EF4F002B54BD /* Debug */,
				EBB5E84A2E61EF4F002B54BD /* Release */,
			);
			defaultConfigurationIsVisible = 0;
			defaultConfigurationName = Release;
		};
		EBB5E84B2E61EF4F002B54BD /* Build configuration list for PBXNativeTarget "RedactKit" */ = {
			isa = XCConfigurationList;
			buildConfigurations = (
				EBB5E84C2E61EF4F002B54BD /* Debug */,
				EBB5E84D2E61EF4F002B54BD /* Release */,
			);
			defaultConfigurationIsVisible = 0;
			defaultConfigurationName = Release;
		};
/* End XCConfigurationList section */

/* Begin XCRemoteSwiftPackageReference section */
		EB9CC1F12E62ED0900C6191B /* XCRemoteSwiftPackageReference "swift-transformers" */ = {
			isa = XCRemoteSwiftPackageReference;
			repositoryURL = "https://github.com/huggingface/swift-transformers";
			requirement = {
				kind = upToNextMajorVersion;
				minimumVersion = 0.1.22;
			};
		};
/* End XCRemoteSwiftPackageReference section */

/* Begin XCSwiftPackageProductDependency section */
		EB9CC1F22E62ED0900C6191B /* Transformers */ = {
			isa = XCSwiftPackageProductDependency;
			package = EB9CC1F12E62ED0900C6191B /* XCRemoteSwiftPackageReference "swift-transformers" */;
			productName = Transformers;
		};
/* End XCSwiftPackageProductDependency section */
	};
	rootObject = EBB5E8352E61EF4C002B54BD /* Project object */;
}
