// !$*UTF8*$!
{
	archiveVersion = 1;
	classes = {
	};
	objectVersion = 77;
	objects = {

/* Begin PBXBuildFile section */
		EB559A812E63330300BFCECE /* GlossyCircleButton.swift in Sources */ = {isa = PBXBuildFile; fileRef = EB559A802E63330300BFCECE /* GlossyCircleButton.swift */; };
		EB9CC1F02E62EAB000C6191B /* PIIDetector.swift in Sources */ = {isa = PBXBuildFile; fileRef = EB9CC1EF2E62EAB000C6191B /* PIIDetector.swift */; };
		EB9CC1F32E62ED0900C6191B /* Transformers in Frameworks */ = {isa = PBXBuildFile; productRef = EB9CC1F22E62ED0900C6191B /* Transformers */; };
		EB9CC2032E631B9100C6191B /* PIIDetectionModel.mlpackage in Sources */ = {isa = PBXBuildFile; fileRef = EB9CC2022E631B9100C6191B /* PIIDetectionModel.mlpackage */; };
		EB9CC2052E6321D600C6191B /* Content.swift in Sources */ = {isa = PBXBuildFile; fileRef = EB9CC2042E6321D600C6191B /* Content.swift */; };
		EB9CC2072E6322FB00C6191B /* HistoryView.swift in Sources */ = {isa = PBXBuildFile; fileRef = EB9CC2062E6322FB00C6191B /* HistoryView.swift */; };
		EBF010412E6289B80002FD1E /* ContentView.swift in Sources */ = {isa = PBXBuildFile; fileRef = EBF0103B2E6289B80002FD1E /* ContentView.swift */; };
		EBF010422E6289B80002FD1E /* OriginalTextView.swift in Sources */ = {isa = PBXBuildFile; fileRef = EBF0103C2E6289B80002FD1E /* OriginalTextView.swift */; };
		EBF010432E6289B80002FD1E /* PrismaticMeshBackground.swift in Sources */ = {isa = PBXBuildFile; fileRef = EBF0103D2E6289B80002FD1E /* PrismaticMeshBackground.swift */; };
		EBF010442E6289B80002FD1E /* RedactKitApp.swift in Sources */ = {isa = PBXBuildFile; fileRef = EBF0103E2E6289B80002FD1E /* RedactKitApp.swift */; };
		EBF010452E6289B80002FD1E /* UltraGlossyButton.swift in Sources */ = {isa = PBXBuildFile; fileRef = EBF0103F2E6289B80002FD1E /* UltraGlossyButton.swift */; };
		EBF010462E6289B80002FD1E /* Preview Assets.xcassets in Resources */ = {isa = PBXBuildFile; fileRef = EBF010382E6289B80002FD1E /* Preview Assets.xcassets */; };
		EBF010472E6289B80002FD1E /* Assets.xcassets in Resources */ = {isa = PBXBuildFile; fileRef = EBF0103A2E6289B80002FD1E /* Assets.xcassets */; };
		EBF0104B2E6293560002FD1E /* TextProcessor.swift in Sources */ = {isa = PBXBuildFile; fileRef = EBF0104A2E6293560002FD1E /* TextProcessor.swift */; };
		EBF0104D2E629E4E0002FD1E /* ViewModel.swift in Sources */ = {isa = PBXBuildFile; fileRef = EBF0104C2E629E4E0002FD1E /* ViewModel.swift */; };
		EBF010512E62BB3A0002FD1E /* InjectedTextView.swift in Sources */ = {isa = PBXBuildFile; fileRef = EBF010502E62BB3A0002FD1E /* InjectedTextView.swift */; };
/* End PBXBuildFile section */

/* Begin PBXFileReference section */
		EB559A802E63330300BFCECE /* GlossyCircleButton.swift */ = {isa = PBXFileReference; lastKnownFileType = sourcecode.swift; path = GlossyCircleButton.swift; sourceTree = "<group>"; };
		EB9CC1EF2E62EAB000C6191B /* PIIDetector.swift */ = {isa = PBXFileReference; lastKnownFileType = sourcecode.swift; path = PIIDetector.swift; sourceTree = "<group>"; };
		EB9CC2022E631B9100C6191B /* PIIDetectionModel.mlpackage */ = {isa = PBXFileReference; lastKnownFileType = folder.mlpackage; path = PIIDetectionModel.mlpackage; sourceTree = "<group>"; };
		EB9CC2042E6321D600C6191B /* Content.swift */ = {isa = PBXFileReference; lastKnownFileType = sourcecode.swift; path = Content.swift; sourceTree = "<group>"; };
		EB9CC2062E6322FB00C6191B /* HistoryView.swift */ = {isa = PBXFileReference; lastKnownFileType = sourcecode.swift; path = HistoryView.swift; sourceTree = "<group>"; };
		EBB5E83D2E61EF4C002B54BD /* RedactKit.app */ = {isa = PBXFileReference; explicitFileType = wrapper.application; includeInIndex = 0; path = RedactKit.app; sourceTree = BUILT_PRODUCTS_DIR; };
		EBF010382E6289B80002FD1E /* Preview Assets.xcassets */ = {isa = PBXFileReference; lastKnownFileType = folder.assetcatalog; path = "Preview Assets.xcassets"; sourceTree = "<group>"; };
		EBF0103A2E6289B80002FD1E /* Assets.xcassets */ = {isa = PBXFileReference; lastKnownFileType = folder.assetcatalog; path = Assets.xcassets; sourceTree = "<group>"; };
		EBF0103B2E6289B80002FD1E /* ContentView.swift */ = {isa = PBXFileReference; lastKnownFileType = sourcecode.swift; path = ContentView.swift; sourceTree = "<group>"; };
		EBF0103C2E6289B80002FD1E /* OriginalTextView.swift */ = {isa = PBXFileReference; lastKnownFileType = sourcecode.swift; path = OriginalTextView.swift; sourceTree = "<group>"; };
		EBF0103D2E6289B80002FD1E /* PrismaticMeshBackground.swift */ = {isa = PBXFileReference; lastKnownFileType = sourcecode.swift; path = PrismaticMeshBackground.swift; sourceTree = "<group>"; };
		EBF0103E2E6289B80002FD1E /* RedactKitApp.swift */ = {isa = PBXFileReference; lastKnownFileType = sourcecode.swift; path = RedactKitApp.swift; sourceTree = "<group>"; };
		EBF0103F2E6289B80002FD1E /* UltraGlossyButton.swift */ = {isa = PBXFileReference; lastKnownFileType = sourcecode.swift; path = UltraGlossyButton.swift; sourceTree = "<group>"; };
		EBF0104A2E6293560002FD1E /* TextProcessor.swift */ = {isa = PBXFileReference; lastKnownFileType = sourcecode.swift; path = TextProcessor.swift; sourceTree = "<group>"; };
		EBF0104C2E629E4E0002FD1E /* ViewModel.swift */ = {isa = PBXFileReference; lastKnownFileType = sourcecode.swift; path = ViewModel.swift; sourceTree = "<group>"; };
		EBF010502E62BB3A0002FD1E /* InjectedTextView.swift */ = {isa = PBXFileReference; lastKnownFileType = sourcecode.swift; path = InjectedTextView.swift; sourceTree = "<group>"; };
/* End PBXFileReference section */

/* Begin PBXFrameworksBuildPhase section */
		EBB5E83A2E61EF4C002B54BD /* Frameworks */ = {
			isa = PBXFrameworksBuildPhase;
			buildActionMask = 2147483647;
			files = (
				EB9CC1F32E62ED0900C6191B /* Transformers in Frameworks */,
			);
			runOnlyForDeploymentPostprocessing = 0;
		};
/* End PBXFrameworksBuildPhase section */

/* Begin PBXGroup section */
		EBB5E8342E61EF4C002B54BD = {
			isa = PBXGroup;
			children = (
				EBF010402E6289B80002FD1E /* RedactKit */,
				EBB5E83E2E61EF4C002B54BD /* Products */,
			);
			sourceTree = "<group>";
		};
		EBB5E83E2E61EF4C002B54BD /* Products */ = {
			isa = PBXGroup;
			children = (
				EBB5E83D2E61EF4C002B54BD /* RedactKit.app */,
			);
			name = Products;
			sourceTree = "<group>";
		};
		EBF010392E6289B80002FD1E /* Preview Content */ = {
			isa = PBXGroup;
			children = (
				EBF010382E6289B80002FD1E /* Preview Assets.xcassets */,
			);
			path = "Preview Content";
			sourceTree = "<group>";
		};
		EBF010402E6289B80002FD1E /* RedactKit */ = {
			isa = PBXGroup;
			children = (
				EBF0103E2E6289B80002FD1E /* RedactKitApp.swift */,
				EBF0103B2E6289B80002FD1E /* ContentView.swift */,
				EBF0103C2E6289B80002FD1E /* OriginalTextView.swift */,
				EBF010502E62BB3A0002FD1E /* InjectedTextView.swift */,
				EBF0104A2E6293560002FD1E /* TextProcessor.swift */,
				EB9CC2062E6322FB00C6191B /* HistoryView.swift */,
				EBF0103D2E6289B80002FD1E /* PrismaticMeshBackground.swift */,
				EBF0103F2E6289B80002FD1E /* UltraGlossyButton.swift */,
				EB559A802E63330300BFCECE /* GlossyCircleButton.swift */,
				EBF0104C2E629E4E0002FD1E /* ViewModel.swift */,
				EB9CC1EF2E62EAB000C6191B /* PIIDetector.swift */,
				EB9CC2042E6321D600C6191B /* Content.swift */,
				EB9CC2022E631B9100C6191B /* PIIDetectionModel.mlpackage */,
				EBF0103A2E6289B80002FD1E /* Assets.xcassets */,
				EBF010392E6289B80002FD1E /* Preview Content */,
			);
			path = RedactKit;
			sourceTree = "<group>";
		};
/* End PBXGroup section */

/* Begin PBXNativeTarget section */
		EBB5E83C2E61EF4C002B54BD /* RedactKit */ = {
			isa = PBXNativeTarget;
			buildConfigurationList = EBB5E84B2E61EF4F002B54BD /* Build configuration list for PBXNativeTarget "RedactKit" */;
			buildPhases = (
				EBB5E8392E61EF4C002B54BD /* Sources */,
				EBB5E83A2E61EF4C002B54BD /* Frameworks */,
				EBB5E83B2E61EF4C002B54BD /* Resources */,
			);
			buildRules = (
			);
			dependencies = (
			);
			name = RedactKit;
			packageProductDependencies = (
				EB9CC1F22E62ED0900C6191B /* Transformers */,
			);
			productName = RedactKit;
			productReference = EBB5E83D2E61EF4C002B54BD /* RedactKit.app */;
			productType = "com.apple.product-type.application";
		};
/* End PBXNativeTarget section */

/* Begin PBXProject section */
		EBB5E8352E61EF4C002B54BD /* Project object */ = {
			isa = PBXProject;
			attributes = {
				BuildIndependentTargetsInParallel = 1;
				LastSwiftUpdateCheck = 1620;
				LastUpgradeCheck = 1620;
				TargetAttributes = {
					EBB5E83C2E61EF4C002B54BD = {
						CreatedOnToolsVersion = 16.2;
					};
				};
			};
			buildConfigurationList = EBB5E8382E61EF4C002B54BD /* Build configuration list for PBXProject "RedactKit" */;
			developmentRegion = en;
			hasScannedForEncodings = 0;
			knownRegions = (
				en,
				Base,
			);
			mainGroup = EBB5E8342E61EF4C002B54BD;
			minimizedProjectReferenceProxies = 1;
			packageReferences = (
				EB9CC1F12E62ED0900C6191B /* XCRemoteSwiftPackageReference "swift-transformers" */,
			);
			preferredProjectObjectVersion = 77;
			productRefGroup = EBB5E83E2E61EF4C002B54BD /* Products */;
			projectDirPath = "";
			projectRoot = "";
			targets = (
				EBB5E83C2E61EF4C002B54BD /* RedactKit */,
			);
		};
/* End PBXProject section */

/* Begin PBXResourcesBuildPhase section */
		EBB5E83B2E61EF4C002B54BD /* Resources */ = {
			isa = PBXResourcesBuildPhase;
			buildActionMask = 2147483647;
			files = (
				EBF010462E6289B80002FD1E /* Preview Assets.xcassets in Resources */,
				EBF010472E6289B80002FD1E /* Assets.xcassets in Resources */,
			);
			runOnlyForDeploymentPostprocessing = 0;
		};
/* End PBXResourcesBuildPhase section */

/* Begin PBXSourcesBuildPhase section */
		EBB5E8392E61EF4C002B54BD /* Sources */ = {
			isa = PBXSourcesBuildPhase;
			buildActionMask = 2147483647;
			files = (
				EB9CC1F02E62EAB000C6191B /* PIIDetector.swift in Sources */,
				EBF010412E6289B80002FD1E /* ContentView.swift in Sources */,
				EBF010422E6289B80002FD1E /* OriginalTextView.swift in Sources */,
				EB9CC2052E6321D600C6191B /* Content.swift in Sources */,
				EBF010432E6289B80002FD1E /* PrismaticMeshBackground.swift in Sources */,
				EBF010442E6289B80002FD1E /* RedactKitApp.swift in Sources */,
				EB9CC2072E6322FB00C6191B /* HistoryView.swift in Sources */,
				EB559A812E63330300BFCECE /* GlossyCircleButton.swift in Sources */,
				EBF010452E6289B80002FD1E /* UltraGlossyButton.swift in Sources */,
				EBF010512E62BB3A0002FD1E /* InjectedTextView.swift in Sources */,
				EBF0104B2E6293560002FD1E /* TextProcessor.swift in Sources */,
				EB9CC2032E631B9100C6191B /* PIIDetectionModel.mlpackage in Sources */,
				EBF0104D2E629E4E0002FD1E /* ViewModel.swift in Sources */,
			);
			runOnlyForDeploymentPostprocessing = 0;
		};
/* End PBXSourcesBuildPhase section */

/* Begin XCBuildConfiguration section */
		EBB5E8492E61EF4F002B54BD /* Debug */ = {
			isa = XCBuildConfiguration;
			buildSettings = {
				ALWAYS_SEARCH_USER_PATHS = NO;
				ASSETCATALOG_COMPILER_GENERATE_SWIFT_ASSET_SYMBOL_EXTENSIONS = YES;
				CLANG_ANALYZER_NONNULL = YES;
				CLANG_ANALYZER_NUMBER_OBJECT_CONVERSION = YES_AGGRESSIVE;
				CLANG_CXX_LANGUAGE_STANDARD = "gnu++20";
				CLANG_ENABLE_MODULES = YES;
				CLANG_ENABLE_OBJC_ARC = YES;
				CLANG_ENABLE_OBJC_WEAK = YES;
				CLANG_WARN_BLOCK_CAPTURE_AUTORELEASING = YES;
				CLANG_WARN_BOOL_CONVERSION = YES;
				CLANG_WARN_COMMA = YES;
				CLANG_WARN_CONSTANT_CONVERSION = YES;
				CLANG_WARN_DEPRECATED_OBJC_IMPLEMENTATIONS = YES;
				CLANG_WARN_DIRECT_OBJC_ISA_USAGE = YES_ERROR;
				CLANG_WARN_DOCUMENTATION_COMMENTS = YES;
				CLANG_WARN_EMPTY_BODY = YES;
				CLANG_WARN_ENUM_CONVERSION = YES;
				CLANG_WARN_INFINITE_RECURSION = YES;
				CLANG_WARN_INT_CONVERSION = YES;
				CLANG_WARN_NON_LITERAL_NULL_CONVERSION = YES;
				CLANG_WARN_OBJC_IMPLICIT_RETAIN_SELF = YES;
				CLANG_WARN_OBJC_LITERAL_CONVERSION = YES;
				CLANG_WARN_OBJC_ROOT_CLASS = YES_ERROR;
				CLANG_WARN_QUOTED_INCLUDE_IN_FRAMEWORK_HEADER = YES;
				CLANG_WARN_RANGE_LOOP_ANALYSIS = YES;
				CLANG_WARN_STRICT_PROTOTYPES = YES;
				CLANG_WARN_SUSPICIOUS_MOVE = YES;
				CLANG_WARN_UNGUARDED_AVAILABILITY = YES_AGGRESSIVE;
				CLANG_WARN_UNREACHABLE_CODE = YES;
				CLANG_WARN__DUPLICATE_METHOD_MATCH = YES;
				COPY_PHASE_STRIP = NO;
				DEBUG_INFORMATION_FORMAT = dwarf;
				ENABLE_STRICT_OBJC_MSGSEND = YES;
				ENABLE_TESTABILITY = YES;
				ENABLE_USER_SCRIPT_SANDBOXING = YES;
				GCC_C_LANGUAGE_STANDARD = gnu17;
				GCC_DYNAMIC_NO_PIC = NO;
				GCC_NO_COMMON_BLOCKS = YES;
				GCC_OPTIMIZATION_LEVEL = 0;
				GCC_PREPROCESSOR_DEFINITIONS = (
					"DEBUG=1",
					"$(inherited)",
				);
				GCC_WARN_64_TO_32_BIT_CONVERSION = YES;
				GCC_WARN_ABOUT_RETURN_TYPE = YES_ERROR;
				GCC_WARN_UNDECLARED_SELECTOR = YES;
				GCC_WARN_UNINITIALIZED_AUTOS = YES_AGGRESSIVE;
				GCC_WARN_UNUSED_FUNCTION = YES;
				GCC_WARN_UNUSED_VARIABLE = YES;
				IPHONEOS_DEPLOYMENT_TARGET = 18.2;
				LOCALIZATION_PREFERS_STRING_CATALOGS = YES;
				MTL_ENABLE_DEBUG_INFO = INCLUDE_SOURCE;
				MTL_FAST_MATH = YES;
				ONLY_ACTIVE_ARCH = YES;
				SDKROOT = iphoneos;
				SWIFT_ACTIVE_COMPILATION_CONDITIONS = "DEBUG $(inherited)";
				SWIFT_OPTIMIZATION_LEVEL = "-Onone";
			};
			name = Debug;
		};
		EBB5E84A2E61EF4F002B54BD /* Release */ = {
			isa = XCBuildConfiguration;
			buildSettings = {
				ALWAYS_SEARCH_USER_PATHS = NO;
				ASSETCATALOG_COMPILER_GENERATE_SWIFT_ASSET_SYMBOL_EXTENSIONS = YES;
				CLANG_ANALYZER_NONNULL = YES;
				CLANG_ANALYZER_NUMBER_OBJECT_CONVERSION = YES_AGGRESSIVE;
				CLANG_CXX_LANGUAGE_STANDARD = "gnu++20";
				CLANG_ENABLE_MODULES = YES;
				CLANG_ENABLE_OBJC_ARC = YES;
				CLANG_ENABLE_OBJC_WEAK = YES;
				CLANG_WARN_BLOCK_CAPTURE_AUTORELEASING = YES;
				CLANG_WARN_BOOL_CONVERSION = YES;
				CLANG_WARN_COMMA = YES;
				CLANG_WARN_CONSTANT_CONVERSION = YES;
				CLANG_WARN_DEPRECATED_OBJC_IMPLEMENTATIONS = YES;
				CLANG_WARN_DIRECT_OBJC_ISA_USAGE = YES_ERROR;
				CLANG_WARN_DOCUMENTATION_COMMENTS = YES;
				CLANG_WARN_EMPTY_BODY = YES;
				CLANG_WARN_ENUM_CONVERSION = YES;
				CLANG_WARN_INFINITE_RECURSION = YES;
				CLANG_WARN_INT_CONVERSION = YES;
				CLANG_WARN_NON_LITERAL_NULL_CONVERSION = YES;
				CLANG_WARN_OBJC_IMPLICIT_RETAIN_SELF = YES;
				CLANG_WARN_OBJC_LITERAL_CONVERSION = YES;
				CLANG_WARN_OBJC_ROOT_CLASS = YES_ERROR;
				CLANG_WARN_QUOTED_INCLUDE_IN_FRAMEWORK_HEADER = YES;
				CLANG_WARN_RANGE_LOOP_ANALYSIS = YES;
				CLANG_WARN_STRICT_PROTOTYPES = YES;
				CLANG_WARN_SUSPICIOUS_MOVE = YES;
				CLANG_WARN_UNGUARDED_AVAILABILITY = YES_AGGRESSIVE;
				CLANG_WARN_UNREACHABLE_CODE = YES;
				CLANG_WARN__DUPLICATE_METHOD_MATCH = YES;
				COPY_PHASE_STRIP = NO;
				DEBUG_INFORMATION_FORMAT = "dwarf-with-dsym";
				ENABLE_NS_ASSERTIONS = NO;
				ENABLE_STRICT_OBJC_MSGSEND = YES;
				ENABLE_USER_SCRIPT_SANDBOXING = YES;
				GCC_C_LANGUAGE_STANDARD = gnu17;
				GCC_NO_COMMON_BLOCKS = YES;
				GCC_WARN_64_TO_32_BIT_CONVERSION = YES;
				GCC_WARN_ABOUT_RETURN_TYPE = YES_ERROR;
				GCC_WARN_UNDECLARED_SELECTOR = YES;
				GCC_WARN_UNINITIALIZED_AUTOS = YES_AGGRESSIVE;
				GCC_WARN_UNUSED_FUNCTION = YES;
				GCC_WARN_UNUSED_VARIABLE = YES;
				IPHONEOS_DEPLOYMENT_TARGET = 18.2;
				LOCALIZATION_PREFERS_STRING_CATALOGS = YES;
				MTL_ENABLE_DEBUG_INFO = NO;
				MTL_FAST_MATH = YES;
				SDKROOT = iphoneos;
				SWIFT_COMPILATION_MODE = wholemodule;
				VALIDATE_PRODUCT = YES;
			};
			name = Release;
		};
		EBB5E84C2E61EF4F002B54BD /* Debug */ = {
			isa = XCBuildConfiguration;
			buildSettings = {
				ASSETCATALOG_COMPILER_APPICON_NAME = AppIcon;
				ASSETCATALOG_COMPILER_GLOBAL_ACCENT_COLOR_NAME = AccentColor;
				CODE_SIGN_STYLE = Automatic;
				CURRENT_PROJECT_VERSION = 1;
				DEVELOPMENT_ASSET_PATHS = "\"RedactKit/Preview Content\"";
				DEVELOPMENT_TEAM = TXA55YRPTR;
				ENABLE_PREVIEWS = YES;
				GENERATE_INFOPLIST_FILE = YES;
				INFOPLIST_KEY_UIApplicationSceneManifest_Generation = YES;
				INFOPLIST_KEY_UIApplicationSupportsIndirectInputEvents = YES;
				INFOPLIST_KEY_UILaunchScreen_Generation = YES;
				INFOPLIST_KEY_UISupportedInterfaceOrientations_iPad = "UIInterfaceOrientationPortrait UIInterfaceOrientationPortraitUpsideDown UIInterfaceOrientationLandscapeLeft UIInterfaceOrientationLandscapeRight";
				INFOPLIST_KEY_UISupportedInterfaceOrientations_iPhone = "UIInterfaceOrientationPortrait UIInterfaceOrientationLandscapeLeft UIInterfaceOrientationLandscapeRight";
				LD_RUNPATH_SEARCH_PATHS = (
					"$(inherited)",
					"@executable_path/Frameworks",
				);
				MARKETING_VERSION = 1.0;
				PRODUCT_BUNDLE_IDENTIFIER = com.artties.RedactKit;
				PRODUCT_NAME = "$(TARGET_NAME)";
				SWIFT_EMIT_LOC_STRINGS = YES;
				SWIFT_VERSION = 5.0;
				TARGETED_DEVICE_FAMILY = "1,2";
			};
			name = Debug;
		};
		EBB5E84D2E61EF4F002B54BD /* Release */ = {
			isa = XCBuildConfiguration;
			buildSettings = {
				ASSETCATALOG_COMPILER_APPICON_NAME = AppIcon;
				ASSETCATALOG_COMPILER_GLOBAL_ACCENT_COLOR_NAME = AccentColor;
				CODE_SIGN_STYLE = Automatic;
				CURRENT_PROJECT_VERSION = 1;
				DEVELOPMENT_ASSET_PATHS = "\"RedactKit/Preview Content\"";
				DEVELOPMENT_TEAM = TXA55YRPTR;
				ENABLE_PREVIEWS = YES;
				GENERATE_INFOPLIST_FILE = YES;
				INFOPLIST_KEY_UIApplicationSceneManifest_Generation = YES;
				INFOPLIST_KEY_UIApplicationSupportsIndirectInputEvents = YES;
				INFOPLIST_KEY_UILaunchScreen_Generation = YES;
				INFOPLIST_KEY_UISupportedInterfaceOrientations_iPad = "UIInterfaceOrientationPortrait UIInterfaceOrientationPortraitUpsideDown UIInterfaceOrientationLandscapeLeft UIInterfaceOrientationLandscapeRight";
				INFOPLIST_KEY_UISupportedInterfaceOrientations_iPhone = "UIInterfaceOrientationPortrait UIInterfaceOrientationLandscapeLeft UIInterfaceOrientationLandscapeRight";
				LD_RUNPATH_SEARCH_PATHS = (
					"$(inherited)",
					"@executable_path/Frameworks",
				);
				MARKETING_VERSION = 1.0;
				PRODUCT_BUNDLE_IDENTIFIER = com.artties.RedactKit;
				PRODUCT_NAME = "$(TARGET_NAME)";
				SWIFT_EMIT_LOC_STRINGS = YES;
				SWIFT_VERSION = 5.0;
				TARGETED_DEVICE_FAMILY = "1,2";
			};
			name = Release;
		};
/* End XCBuildConfiguration section */

/* Begin XCConfigurationList section */
		EBB5E8382E61EF4C002B54BD /* Build configuration list for PBXProject "RedactKit" */ = {
			isa = XCConfigurationList;
			buildConfigurations = (
				EBB5E8492E61EF4F002B54BD /* Debug */,
				EBB5E84A2E61EF4F002B54BD /* Release */,
			);
			defaultConfigurationIsVisible = 0;
			defaultConfigurationName = Release;
		};
		EBB5E84B2E61EF4F002B54BD /* Build configuration list for PBXNativeTarget "RedactKit" */ = {
			isa = XCConfigurationList;
			buildConfigurations = (
				EBB5E84C2E61EF4F002B54BD /* Debug */,
				EBB5E84D2E61EF4F002B54BD /* Release */,
			);
			defaultConfigurationIsVisible = 0;
			defaultConfigurationName = Release;
		};
/* End XCConfigurationList section */

/* Begin XCRemoteSwiftPackageReference section */
		EB9CC1F12E62ED0900C6191B /* XCRemoteSwiftPackageReference "swift-transformers" */ = {
			isa = XCRemoteSwiftPackageReference;
			repositoryURL = "https://github.com/huggingface/swift-transformers";
			requirement = {
				kind = upToNextMajorVersion;
				minimumVersion = 0.1.22;
			};
		};
/* End XCRemoteSwiftPackageReference section */

/* Begin XCSwiftPackageProductDependency section */
		EB9CC1F22E62ED0900C6191B /* Transformers */ = {
			isa = XCSwiftPackageProductDependency;
			package = EB9CC1F12E62ED0900C6191B /* XCRemoteSwiftPackageReference "swift-transformers" */;
			productName = Transformers;
		};
/* End XCSwiftPackageProductDependency section */
	};
	rootObject = EBB5E8352E61EF4C002B54BD /* Project object */;
}
